// !$*UTF8*$!
{
	archiveVersion = 1;
	classes = {
	};
	objectVersion = 46;
	objects = {

/* Begin PBXBuildFile section */
		45EDCD411D3969B1002167C1 /* AppDelegate.swift in Sources */ = {isa = PBXBuildFile; fileRef = 45EDCD401D3969B1002167C1 /* AppDelegate.swift */; };
		45EDCD431D3969B1002167C1 /* ViewController.swift in Sources */ = {isa = PBXBuildFile; fileRef = 45EDCD421D3969B1002167C1 /* ViewController.swift */; };
		45EDCD461D3969B1002167C1 /* Main.storyboard in Resources */ = {isa = PBXBuildFile; fileRef = 45EDCD441D3969B1002167C1 /* Main.storyboard */; };
		45EDCD481D3969B1002167C1 /* Assets.xcassets in Resources */ = {isa = PBXBuildFile; fileRef = 45EDCD471D3969B1002167C1 /* Assets.xcassets */; };
		45EDCD4B1D3969B1002167C1 /* LaunchScreen.storyboard in Resources */ = {isa = PBXBuildFile; fileRef = 45EDCD491D3969B1002167C1 /* LaunchScreen.storyboard */; };
		45EDCD561D3969B1002167C1 /* Is_PrimeTests.swift in Sources */ = {isa = PBXBuildFile; fileRef = 45EDCD551D3969B1002167C1 /* Is_PrimeTests.swift */; };
		45EDCD611D3969B1002167C1 /* Is_PrimeUITests.swift in Sources */ = {isa = PBXBuildFile; fileRef = 45EDCD601D3969B1002167C1 /* Is_PrimeUITests.swift */; };
/* End PBXBuildFile section */

/* Begin PBXContainerItemProxy section */
		45EDCD521D3969B1002167C1 /* PBXContainerItemProxy */ = {
			isa = PBXContainerItemProxy;
			containerPortal = 45EDCD351D3969B1002167C1 /* Project object */;
			proxyType = 1;
			remoteGlobalIDString = 45EDCD3C1D3969B1002167C1;
			remoteInfo = "Is Prime";
		};
		45EDCD5D1D3969B1002167C1 /* PBXContainerItemProxy */ = {
			isa = PBXContainerItemProxy;
			containerPortal = 45EDCD351D3969B1002167C1 /* Project object */;
			proxyType = 1;
			remoteGlobalIDString = 45EDCD3C1D3969B1002167C1;
			remoteInfo = "Is Prime";
		};
/* End PBXContainerItemProxy section */

/* Begin PBXFileReference section */
		45EDCD3D1D3969B1002167C1 /* Is Prime.app */ = {isa = PBXFileReference; explicitFileType = wrapper.application; includeInIndex = 0; path = "Is Prime.app"; sourceTree = BUILT_PRODUCTS_DIR; };
		45EDCD401D3969B1002167C1 /* AppDelegate.swift */ = {isa = PBXFileReference; lastKnownFileType = sourcecode.swift; path = AppDelegate.swift; sourceTree = "<group>"; };
		45EDCD421D3969B1002167C1 /* ViewController.swift */ = {isa = PBXFileReference; lastKnownFileType = sourcecode.swift; path = ViewController.swift; sourceTree = "<group>"; };
		45EDCD451D3969B1002167C1 /* Base */ = {isa = PBXFileReference; lastKnownFileType = file.storyboard; name = Base; path = Base.lproj/Main.storyboard; sourceTree = "<group>"; };
		45EDCD471D3969B1002167C1 /* Assets.xcassets */ = {isa = PBXFileReference; lastKnownFileType = folder.assetcatalog; path = Assets.xcassets; sourceTree = "<group>"; };
		45EDCD4A1D3969B1002167C1 /* Base */ = {isa = PBXFileReference; lastKnownFileType = file.storyboard; name = Base; path = Base.lproj/LaunchScreen.storyboard; sourceTree = "<group>"; };
		45EDCD4C1D3969B1002167C1 /* Info.plist */ = {isa = PBXFileReference; lastKnownFileType = text.plist.xml; path = Info.plist; sourceTree = "<group>"; };
		45EDCD511D3969B1002167C1 /* Is PrimeTests.xctest */ = {isa = PBXFileReference; explicitFileType = wrapper.cfbundle; includeInIndex = 0; path = "Is PrimeTests.xctest"; sourceTree = BUILT_PRODUCTS_DIR; };
		45EDCD551D3969B1002167C1 /* Is_PrimeTests.swift */ = {isa = PBXFileReference; lastKnownFileType = sourcecode.swift; path = Is_PrimeTests.swift; sourceTree = "<group>"; };
		45EDCD571D3969B1002167C1 /* Info.plist */ = {isa = PBXFileReference; lastKnownFileType = text.plist.xml; path = Info.plist; sourceTree = "<group>"; };
		45EDCD5C1D3969B1002167C1 /* Is PrimeUITests.xctest */ = {isa = PBXFileReference; explicitFileType = wrapper.cfbundle; includeInIndex = 0; path = "Is PrimeUITests.xctest"; sourceTree = BUILT_PRODUCTS_DIR; };
		45EDCD601D3969B1002167C1 /* Is_PrimeUITests.swift */ = {isa = PBXFileReference; lastKnownFileType = sourcecode.swift; path = Is_PrimeUITests.swift; sourceTree = "<group>"; };
		45EDCD621D3969B1002167C1 /* Info.plist */ = {isa = PBXFileReference; lastKnownFileType = text.plist.xml; path = Info.plist; sourceTree = "<group>"; };
/* End PBXFileReference section */

/* Begin PBXFrameworksBuildPhase section */
		45EDCD3A1D3969B1002167C1 /* Frameworks */ = {
			isa = PBXFrameworksBuildPhase;
			buildActionMask = 2147483647;
			files = (
			);
			runOnlyForDeploymentPostprocessing = 0;
		};
		45EDCD4E1D3969B1002167C1 /* Frameworks */ = {
			isa = PBXFrameworksBuildPhase;
			buildActionMask = 2147483647;
			files = (
			);
			runOnlyForDeploymentPostprocessing = 0;
		};
		45EDCD591D3969B1002167C1 /* Frameworks */ = {
			isa = PBXFrameworksBuildPhase;
			buildActionMask = 2147483647;
			files = (
			);
			runOnlyForDeploymentPostprocessing = 0;
		};
/* End PBXFrameworksBuildPhase section */

/* Begin PBXGroup section */
		45EDCD341D3969B1002167C1 = {
			isa = PBXGroup;
			children = (
				45EDCD3F1D3969B1002167C1 /* Is Prime */,
				45EDCD541D3969B1002167C1 /* Is PrimeTests */,
				45EDCD5F1D3969B1002167C1 /* Is PrimeUITests */,
				45EDCD3E1D3969B1002167C1 /* Products */,
			);
			sourceTree = "<group>";
		};
		45EDCD3E1D3969B1002167C1 /* Products */ = {
			isa = PBXGroup;
			children = (
				45EDCD3D1D3969B1002167C1 /* Is Prime.app */,
				45EDCD511D3969B1002167C1 /* Is PrimeTests.xctest */,
				45EDCD5C1D3969B1002167C1 /* Is PrimeUITests.xctest */,
			);
			name = Products;
			sourceTree = "<group>";
		};
		45EDCD3F1D3969B1002167C1 /* Is Prime */ = {
			isa = PBXGroup;
			children = (
				45EDCD401D3969B1002167C1 /* AppDelegate.swift */,
				45EDCD421D3969B1002167C1 /* ViewController.swift */,
				45EDCD441D3969B1002167C1 /* Main.storyboard */,
				45EDCD471D3969B1002167C1 /* Assets.xcassets */,
				45EDCD491D3969B1002167C1 /* LaunchScreen.storyboard */,
				45EDCD4C1D3969B1002167C1 /* Info.plist */,
			);
			path = "Is Prime";
			sourceTree = "<group>";
		};
		45EDCD541D3969B1002167C1 /* Is PrimeTests */ = {
			isa = PBXGroup;
			children = (
				45EDCD551D3969B1002167C1 /* Is_PrimeTests.swift */,
				45EDCD571D3969B1002167C1 /* Info.plist */,
			);
			path = "Is PrimeTests";
			sourceTree = "<group>";
		};
		45EDCD5F1D3969B1002167C1 /* Is PrimeUITests */ = {
			isa = PBXGroup;
			children = (
				45EDCD601D3969B1002167C1 /* Is_PrimeUITests.swift */,
				45EDCD621D3969B1002167C1 /* Info.plist */,
			);
			path = "Is PrimeUITests";
			sourceTree = "<group>";
		};
/* End PBXGroup section */

/* Begin PBXNativeTarget section */
		45EDCD3C1D3969B1002167C1 /* Is Prime */ = {
			isa = PBXNativeTarget;
			buildConfigurationList = 45EDCD651D3969B1002167C1 /* Build configuration list for PBXNativeTarget "Is Prime" */;
			buildPhases = (
				45EDCD391D3969B1002167C1 /* Sources */,
				45EDCD3A1D3969B1002167C1 /* Frameworks */,
				45EDCD3B1D3969B1002167C1 /* Resources */,
			);
			buildRules = (
			);
			dependencies = (
			);
			name = "Is Prime";
			productName = "Is Prime";
			productReference = 45EDCD3D1D3969B1002167C1 /* Is Prime.app */;
			productType = "com.apple.product-type.application";
		};
		45EDCD501D3969B1002167C1 /* Is PrimeTests */ = {
			isa = PBXNativeTarget;
			buildConfigurationList = 45EDCD681D3969B1002167C1 /* Build configuration list for PBXNativeTarget "Is PrimeTests" */;
			buildPhases = (
				45EDCD4D1D3969B1002167C1 /* Sources */,
				45EDCD4E1D3969B1002167C1 /* Frameworks */,
				45EDCD4F1D3969B1002167C1 /* Resources */,
			);
			buildRules = (
			);
			dependencies = (
				45EDCD531D3969B1002167C1 /* PBXTargetDependency */,
			);
			name = "Is PrimeTests";
			productName = "Is PrimeTests";
			productReference = 45EDCD511D3969B1002167C1 /* Is PrimeTests.xctest */;
			productType = "com.apple.product-type.bundle.unit-test";
		};
		45EDCD5B1D3969B1002167C1 /* Is PrimeUITests */ = {
			isa = PBXNativeTarget;
			buildConfigurationList = 45EDCD6B1D3969B1002167C1 /* Build configuration list for PBXNativeTarget "Is PrimeUITests" */;
			buildPhases = (
				45EDCD581D3969B1002167C1 /* Sources */,
				45EDCD591D3969B1002167C1 /* Frameworks */,
				45EDCD5A1D3969B1002167C1 /* Resources */,
			);
			buildRules = (
			);
			dependencies = (
				45EDCD5E1D3969B1002167C1 /* PBXTargetDependency */,
			);
			name = "Is PrimeUITests";
			productName = "Is PrimeUITests";
			productReference = 45EDCD5C1D3969B1002167C1 /* Is PrimeUITests.xctest */;
			productType = "com.apple.product-type.bundle.ui-testing";
		};
/* End PBXNativeTarget section */

/* Begin PBXProject section */
		45EDCD351D3969B1002167C1 /* Project object */ = {
			isa = PBXProject;
			attributes = {
				LastSwiftUpdateCheck = 0730;
				LastUpgradeCheck = 0730;
				ORGANIZATIONNAME = "Ruben Vasconcelos";
				TargetAttributes = {
					45EDCD3C1D3969B1002167C1 = {
						CreatedOnToolsVersion = 7.3.1;
					};
					45EDCD501D3969B1002167C1 = {
						CreatedOnToolsVersion = 7.3.1;
						TestTargetID = 45EDCD3C1D3969B1002167C1;
					};
					45EDCD5B1D3969B1002167C1 = {
						CreatedOnToolsVersion = 7.3.1;
						TestTargetID = 45EDCD3C1D3969B1002167C1;
					};
				};
			};
			buildConfigurationList = 45EDCD381D3969B1002167C1 /* Build configuration list for PBXProject "Is Prime" */;
			compatibilityVersion = "Xcode 3.2";
			developmentRegion = English;
			hasScannedForEncodings = 0;
			knownRegions = (
				en,
				Base,
			);
			mainGroup = 45EDCD341D3969B1002167C1;
			productRefGroup = 45EDCD3E1D3969B1002167C1 /* Products */;
			projectDirPath = "";
			projectRoot = "";
			targets = (
				45EDCD3C1D3969B1002167C1 /* Is Prime */,
				45EDCD501D3969B1002167C1 /* Is PrimeTests */,
				45EDCD5B1D3969B1002167C1 /* Is PrimeUITests */,
			);
		};
/* End PBXProject section */

/* Begin PBXResourcesBuildPhase section */
		45EDCD3B1D3969B1002167C1 /* Resources */ = {
			isa = PBXResourcesBuildPhase;
			buildActionMask = 2147483647;
			files = (
				45EDCD4B1D3969B1002167C1 /* LaunchScreen.storyboard in Resources */,
				45EDCD481D3969B1002167C1 /* Assets.xcassets in Resources */,
				45EDCD461D3969B1002167C1 /* Main.storyboard in Resources */,
			);
			runOnlyForDeploymentPostprocessing = 0;
		};
		45EDCD4F1D3969B1002167C1 /* Resources */ = {
			isa = PBXResourcesBuildPhase;
			buildActionMask = 2147483647;
			files = (
			);
			runOnlyForDeploymentPostprocessing = 0;
		};
		45EDCD5A1D3969B1002167C1 /* Resources */ = {
			isa = PBXResourcesBuildPhase;
			buildActionMask = 2147483647;
			files = (
			);
			runOnlyForDeploymentPostprocessing = 0;
		};
/* End PBXResourcesBuildPhase section */

/* Begin PBXSourcesBuildPhase section */
		45EDCD391D3969B1002167C1 /* Sources */ = {
			isa = PBXSourcesBuildPhase;
			buildActionMask = 2147483647;
			files = (
				45EDCD431D3969B1002167C1 /* ViewController.swift in Sources */,
				45EDCD411D3969B1002167C1 /* AppDelegate.swift in Sources */,
			);
			runOnlyForDeploymentPostprocessing = 0;
		};
		45EDCD4D1D3969B1002167C1 /* Sources */ = {
			isa = PBXSourcesBuildPhase;
			buildActionMask = 2147483647;
			files = (
				45EDCD561D3969B1002167C1 /* Is_PrimeTests.swift in Sources */,
			);
			runOnlyForDeploymentPostprocessing = 0;
		};
		45EDCD581D3969B1002167C1 /* Sources */ = {
			isa = PBXSourcesBuildPhase;
			buildActionMask = 2147483647;
			files = (
				45EDCD611D3969B1002167C1 /* Is_PrimeUITests.swift in Sources */,
			);
			runOnlyForDeploymentPostprocessing = 0;
		};
/* End PBXSourcesBuildPhase section */

/* Begin PBXTargetDependency section */
		45EDCD531D3969B1002167C1 /* PBXTargetDependency */ = {
			isa = PBXTargetDependency;
			target = 45EDCD3C1D3969B1002167C1 /* Is Prime */;
			targetProxy = 45EDCD521D3969B1002167C1 /* PBXContainerItemProxy */;
		};
		45EDCD5E1D3969B1002167C1 /* PBXTargetDependency */ = {
			isa = PBXTargetDependency;
			target = 45EDCD3C1D3969B1002167C1 /* Is Prime */;
			targetProxy = 45EDCD5D1D3969B1002167C1 /* PBXContainerItemProxy */;
		};
/* End PBXTargetDependency section */

/* Begin PBXVariantGroup section */
		45EDCD441D3969B1002167C1 /* Main.storyboard */ = {
			isa = PBXVariantGroup;
			children = (
				45EDCD451D3969B1002167C1 /* Base */,
			);
			name = Main.storyboard;
			sourceTree = "<group>";
		};
		45EDCD491D3969B1002167C1 /* LaunchScreen.storyboard */ = {
			isa = PBXVariantGroup;
			children = (
				45EDCD4A1D3969B1002167C1 /* Base */,
			);
			name = LaunchScreen.storyboard;
			sourceTree = "<group>";
		};
/* End PBXVariantGroup section */

/* Begin XCBuildConfiguration section */
		45EDCD631D3969B1002167C1 /* Debug */ = {
			isa = XCBuildConfiguration;
			buildSettings = {
				ALWAYS_SEARCH_USER_PATHS = NO;
				CLANG_ANALYZER_NONNULL = YES;
				CLANG_CXX_LANGUAGE_STANDARD = "gnu++0x";
				CLANG_CXX_LIBRARY = "libc++";
				CLANG_ENABLE_MODULES = YES;
				CLANG_ENABLE_OBJC_ARC = YES;
				CLANG_WARN_BOOL_CONVERSION = YES;
				CLANG_WARN_CONSTANT_CONVERSION = YES;
				CLANG_WARN_DIRECT_OBJC_ISA_USAGE = YES_ERROR;
				CLANG_WARN_EMPTY_BODY = YES;
				CLANG_WARN_ENUM_CONVERSION = YES;
				CLANG_WARN_INT_CONVERSION = YES;
				CLANG_WARN_OBJC_ROOT_CLASS = YES_ERROR;
				CLANG_WARN_UNREACHABLE_CODE = YES;
				CLANG_WARN__DUPLICATE_METHOD_MATCH = YES;
				"CODE_SIGN_IDENTITY[sdk=iphoneos*]" = "iPhone Developer";
				COPY_PHASE_STRIP = NO;
				DEBUG_INFORMATION_FORMAT = dwarf;
				ENABLE_STRICT_OBJC_MSGSEND = YES;
				ENABLE_TESTABILITY = YES;
				GCC_C_LANGUAGE_STANDARD = gnu99;
				GCC_DYNAMIC_NO_PIC = NO;
				GCC_NO_COMMON_BLOCKS = YES;
				GCC_OPTIMIZATION_LEVEL = 0;
				GCC_PREPROCESSOR_DEFINITIONS = (
					"DEBUG=1",
					"$(inherited)",
				);
				GCC_WARN_64_TO_32_BIT_CONVERSION = YES;
				GCC_WARN_ABOUT_RETURN_TYPE = YES_ERROR;
				GCC_WARN_UNDECLARED_SELECTOR = YES;
				GCC_WARN_UNINITIALIZED_AUTOS = YES_AGGRESSIVE;
				GCC_WARN_UNUSED_FUNCTION = YES;
				GCC_WARN_UNUSED_VARIABLE = YES;
				IPHONEOS_DEPLOYMENT_TARGET = 9.3;
				MTL_ENABLE_DEBUG_INFO = YES;
				ONLY_ACTIVE_ARCH = YES;
				SDKROOT = iphoneos;
				SWIFT_OPTIMIZATION_LEVEL = "-Onone";
			};
			name = Debug;
		};
		45EDCD641D3969B1002167C1 /* Release */ = {
			isa = XCBuildConfiguration;
			buildSettings = {
				ALWAYS_SEARCH_USER_PATHS = NO;
				CLANG_ANALYZER_NONNULL = YES;
				CLANG_CXX_LANGUAGE_STANDARD = "gnu++0x";
				CLANG_CXX_LIBRARY = "libc++";
				CLANG_ENABLE_MODULES = YES;
				CLANG_ENABLE_OBJC_ARC = YES;
				CLANG_WARN_BOOL_CONVERSION = YES;
				CLANG_WARN_CONSTANT_CONVERSION = YES;
				CLANG_WARN_DIRECT_OBJC_ISA_USAGE = YES_ERROR;
				CLANG_WARN_EMPTY_BODY = YES;
				CLANG_WARN_ENUM_CONVERSION = YES;
				CLANG_WARN_INT_CONVERSION = YES;
				CLANG_WARN_OBJC_ROOT_CLASS = YES_ERROR;
				CLANG_WARN_UNREACHABLE_CODE = YES;
				CLANG_WARN__DUPLICATE_METHOD_MATCH = YES;
				"CODE_SIGN_IDENTITY[sdk=iphoneos*]" = "iPhone Developer";
				COPY_PHASE_STRIP = NO;
				DEBUG_INFORMATION_FORMAT = "dwarf-with-dsym";
				ENABLE_NS_ASSERTIONS = NO;
				ENABLE_STRICT_OBJC_MSGSEND = YES;
				GCC_C_LANGUAGE_STANDARD = gnu99;
				GCC_NO_COMMON_BLOCKS = YES;
				GCC_WARN_64_TO_32_BIT_CONVERSION = YES;
				GCC_WARN_ABOUT_RETURN_TYPE = YES_ERROR;
				GCC_WARN_UNDECLARED_SELECTOR = YES;
				GCC_WARN_UNINITIALIZED_AUTOS = YES_AGGRESSIVE;
				GCC_WARN_UNUSED_FUNCTION = YES;
				GCC_WARN_UNUSED_VARIABLE = YES;
				IPHONEOS_DEPLOYMENT_TARGET = 9.3;
				MTL_ENABLE_DEBUG_INFO = NO;
				SDKROOT = iphoneos;
				VALIDATE_PRODUCT = YES;
			};
			name = Release;
		};
		45EDCD661D3969B1002167C1 /* Debug */ = {
			isa = XCBuildConfiguration;
			buildSettings = {
				ASSETCATALOG_COMPILER_APPICON_NAME = AppIcon;
				INFOPLIST_FILE = "Is Prime/Info.plist";
				LD_RUNPATH_SEARCH_PATHS = "$(inherited) @executable_path/Frameworks";
				PRODUCT_BUNDLE_IDENTIFIER = "com.ruben.Is-Prime";
				PRODUCT_NAME = "$(TARGET_NAME)";
			};
			name = Debug;
		};
		45EDCD671D3969B1002167C1 /* Release */ = {
			isa = XCBuildConfiguration;
			buildSettings = {
				ASSETCATALOG_COMPILER_APPICON_NAME = AppIcon;
				INFOPLIST_FILE = "Is Prime/Info.plist";
				LD_RUNPATH_SEARCH_PATHS = "$(inherited) @executable_path/Frameworks";
				PRODUCT_BUNDLE_IDENTIFIER = "com.ruben.Is-Prime";
				PRODUCT_NAME = "$(TARGET_NAME)";
			};
			name = Release;
		};
		45EDCD691D3969B1002167C1 /* Debug */ = {
			isa = XCBuildConfiguration;
			buildSettings = {
				BUNDLE_LOADER = "$(TEST_HOST)";
				INFOPLIST_FILE = "Is PrimeTests/Info.plist";
				LD_RUNPATH_SEARCH_PATHS = "$(inherited) @executable_path/Frameworks @loader_path/Frameworks";
				PRODUCT_BUNDLE_IDENTIFIER = "com.ruben.Is-PrimeTests";
				PRODUCT_NAME = "$(TARGET_NAME)";
				TEST_HOST = "$(BUILT_PRODUCTS_DIR)/Is Prime.app/Is Prime";
			};
			name = Debug;
		};
		45EDCD6A1D3969B1002167C1 /* Release */ = {
			isa = XCBuildConfiguration;
			buildSettings = {
				BUNDLE_LOADER = "$(TEST_HOST)";
				INFOPLIST_FILE = "Is PrimeTests/Info.plist";
				LD_RUNPATH_SEARCH_PATHS = "$(inherited) @executable_path/Frameworks @loader_path/Frameworks";
				PRODUCT_BUNDLE_IDENTIFIER = "com.ruben.Is-PrimeTests";
				PRODUCT_NAME = "$(TARGET_NAME)";
				TEST_HOST = "$(BUILT_PRODUCTS_DIR)/Is Prime.app/Is Prime";
			};
			name = Release;
		};
		45EDCD6C1D3969B1002167C1 /* Debug */ = {
			isa = XCBuildConfiguration;
			buildSettings = {
				INFOPLIST_FILE = "Is PrimeUITests/Info.plist";
				LD_RUNPATH_SEARCH_PATHS = "$(inherited) @executable_path/Frameworks @loader_path/Frameworks";
				PRODUCT_BUNDLE_IDENTIFIER = "com.ruben.Is-PrimeUITests";
				PRODUCT_NAME = "$(TARGET_NAME)";
				TEST_TARGET_NAME = "Is Prime";
			};
			name = Debug;
		};
		45EDCD6D1D3969B1002167C1 /* Release */ = {
			isa = XCBuildConfiguration;
			buildSettings = {
				INFOPLIST_FILE = "Is PrimeUITests/Info.plist";
				LD_RUNPATH_SEARCH_PATHS = "$(inherited) @executable_path/Frameworks @loader_path/Frameworks";
				PRODUCT_BUNDLE_IDENTIFIER = "com.ruben.Is-PrimeUITests";
				PRODUCT_NAME = "$(TARGET_NAME)";
				TEST_TARGET_NAME = "Is Prime";
			};
			name = Release;
		};
/* End XCBuildConfiguration section */

/* Begin XCConfigurationList section */
		45EDCD381D3969B1002167C1 /* Build configuration list for PBXProject "Is Prime" */ = {
			isa = XCConfigurationList;
			buildConfigurations = (
				45EDCD631D3969B1002167C1 /* Debug */,
				45EDCD641D3969B1002167C1 /* Release */,
			);
			defaultConfigurationIsVisible = 0;
			defaultConfigurationName = Release;
		};
		45EDCD651D3969B1002167C1 /* Build configuration list for PBXNativeTarget "Is Prime" */ = {
			isa = XCConfigurationList;
			buildConfigurations = (
				45EDCD661D3969B1002167C1 /* Debug */,
				45EDCD671D3969B1002167C1 /* Release */,
			);
			defaultConfigurationIsVisible = 0;
		};
		45EDCD681D3969B1002167C1 /* Build configuration list for PBXNativeTarget "Is PrimeTests" */ = {
			isa = XCConfigurationList;
			buildConfigurations = (
				45EDCD691D3969B1002167C1 /* Debug */,
				45EDCD6A1D3969B1002167C1 /* Release */,
			);
			defaultConfigurationIsVisible = 0;
		};
		45EDCD6B1D3969B1002167C1 /* Build configuration list for PBXNativeTarget "Is PrimeUITests" */ = {
			isa = XCConfigurationList;
			buildConfigurations = (
				45EDCD6C1D3969B1002167C1 /* Debug */,
				45EDCD6D1D3969B1002167C1 /* Release */,
			);
			defaultConfigurationIsVisible = 0;
		};
/* End XCConfigurationList section */
	};
	rootObject = 45EDCD351D3969B1002167C1 /* Project object */;
}
