// !$*UTF8*$!
{
	archiveVersion = 1;
	classes = {
	};
	objectVersion = 46;
	objects = {

/* Begin PBXBuildFile section */
		4535B3FB1D3D411D00B45827 /* AppDelegate.swift in Sources */ = {isa = PBXBuildFile; fileRef = 4535B3FA1D3D411D00B45827 /* AppDelegate.swift */; };
		4535B3FD1D3D411D00B45827 /* ViewController.swift in Sources */ = {isa = PBXBuildFile; fileRef = 4535B3FC1D3D411D00B45827 /* ViewController.swift */; };
		4535B4001D3D411D00B45827 /* Main.storyboard in Resources */ = {isa = PBXBuildFile; fileRef = 4535B3FE1D3D411D00B45827 /* Main.storyboard */; };
		4535B4021D3D411D00B45827 /* Assets.xcassets in Resources */ = {isa = PBXBuildFile; fileRef = 4535B4011D3D411D00B45827 /* Assets.xcassets */; };
		4535B4051D3D411D00B45827 /* LaunchScreen.storyboard in Resources */ = {isa = PBXBuildFile; fileRef = 4535B4031D3D411D00B45827 /* LaunchScreen.storyboard */; };
		4535B4101D3D411D00B45827 /* Times_TablesTests.swift in Sources */ = {isa = PBXBuildFile; fileRef = 4535B40F1D3D411D00B45827 /* Times_TablesTests.swift */; };
		4535B41B1D3D411D00B45827 /* Times_TablesUITests.swift in Sources */ = {isa = PBXBuildFile; fileRef = 4535B41A1D3D411D00B45827 /* Times_TablesUITests.swift */; };
/* End PBXBuildFile section */

/* Begin PBXContainerItemProxy section */
		4535B40C1D3D411D00B45827 /* PBXContainerItemProxy */ = {
			isa = PBXContainerItemProxy;
			containerPortal = 4535B3EF1D3D411D00B45827 /* Project object */;
			proxyType = 1;
			remoteGlobalIDString = 4535B3F61D3D411D00B45827;
			remoteInfo = "Times Tables";
		};
		4535B4171D3D411D00B45827 /* PBXContainerItemProxy */ = {
			isa = PBXContainerItemProxy;
			containerPortal = 4535B3EF1D3D411D00B45827 /* Project object */;
			proxyType = 1;
			remoteGlobalIDString = 4535B3F61D3D411D00B45827;
			remoteInfo = "Times Tables";
		};
/* End PBXContainerItemProxy section */

/* Begin PBXFileReference section */
		4535B3F71D3D411D00B45827 /* Times Tables.app */ = {isa = PBXFileReference; explicitFileType = wrapper.application; includeInIndex = 0; path = "Times Tables.app"; sourceTree = BUILT_PRODUCTS_DIR; };
		4535B3FA1D3D411D00B45827 /* AppDelegate.swift */ = {isa = PBXFileReference; lastKnownFileType = sourcecode.swift; path = AppDelegate.swift; sourceTree = "<group>"; };
		4535B3FC1D3D411D00B45827 /* ViewController.swift */ = {isa = PBXFileReference; lastKnownFileType = sourcecode.swift; path = ViewController.swift; sourceTree = "<group>"; };
		4535B3FF1D3D411D00B45827 /* Base */ = {isa = PBXFileReference; lastKnownFileType = file.storyboard; name = Base; path = Base.lproj/Main.storyboard; sourceTree = "<group>"; };
		4535B4011D3D411D00B45827 /* Assets.xcassets */ = {isa = PBXFileReference; lastKnownFileType = folder.assetcatalog; path = Assets.xcassets; sourceTree = "<group>"; };
		4535B4041D3D411D00B45827 /* Base */ = {isa = PBXFileReference; lastKnownFileType = file.storyboard; name = Base; path = Base.lproj/LaunchScreen.storyboard; sourceTree = "<group>"; };
		4535B4061D3D411D00B45827 /* Info.plist */ = {isa = PBXFileReference; lastKnownFileType = text.plist.xml; path = Info.plist; sourceTree = "<group>"; };
		4535B40B1D3D411D00B45827 /* Times TablesTests.xctest */ = {isa = PBXFileReference; explicitFileType = wrapper.cfbundle; includeInIndex = 0; path = "Times TablesTests.xctest"; sourceTree = BUILT_PRODUCTS_DIR; };
		4535B40F1D3D411D00B45827 /* Times_TablesTests.swift */ = {isa = PBXFileReference; lastKnownFileType = sourcecode.swift; path = Times_TablesTests.swift; sourceTree = "<group>"; };
		4535B4111D3D411D00B45827 /* Info.plist */ = {isa = PBXFileReference; lastKnownFileType = text.plist.xml; path = Info.plist; sourceTree = "<group>"; };
		4535B4161D3D411D00B45827 /* Times TablesUITests.xctest */ = {isa = PBXFileReference; explicitFileType = wrapper.cfbundle; includeInIndex = 0; path = "Times TablesUITests.xctest"; sourceTree = BUILT_PRODUCTS_DIR; };
		4535B41A1D3D411D00B45827 /* Times_TablesUITests.swift */ = {isa = PBXFileReference; lastKnownFileType = sourcecode.swift; path = Times_TablesUITests.swift; sourceTree = "<group>"; };
		4535B41C1D3D411D00B45827 /* Info.plist */ = {isa = PBXFileReference; lastKnownFileType = text.plist.xml; path = Info.plist; sourceTree = "<group>"; };
/* End PBXFileReference section */

/* Begin PBXFrameworksBuildPhase section */
		4535B3F41D3D411D00B45827 /* Frameworks */ = {
			isa = PBXFrameworksBuildPhase;
			buildActionMask = 2147483647;
			files = (
			);
			runOnlyForDeploymentPostprocessing = 0;
		};
		4535B4081D3D411D00B45827 /* Frameworks */ = {
			isa = PBXFrameworksBuildPhase;
			buildActionMask = 2147483647;
			files = (
			);
			runOnlyForDeploymentPostprocessing = 0;
		};
		4535B4131D3D411D00B45827 /* Frameworks */ = {
			isa = PBXFrameworksBuildPhase;
			buildActionMask = 2147483647;
			files = (
			);
			runOnlyForDeploymentPostprocessing = 0;
		};
/* End PBXFrameworksBuildPhase section */

/* Begin PBXGroup section */
		4535B3EE1D3D411D00B45827 = {
			isa = PBXGroup;
			children = (
				4535B3F91D3D411D00B45827 /* Times Tables */,
				4535B40E1D3D411D00B45827 /* Times TablesTests */,
				4535B4191D3D411D00B45827 /* Times TablesUITests */,
				4535B3F81D3D411D00B45827 /* Products */,
			);
			sourceTree = "<group>";
		};
		4535B3F81D3D411D00B45827 /* Products */ = {
			isa = PBXGroup;
			children = (
				4535B3F71D3D411D00B45827 /* Times Tables.app */,
				4535B40B1D3D411D00B45827 /* Times TablesTests.xctest */,
				4535B4161D3D411D00B45827 /* Times TablesUITests.xctest */,
			);
			name = Products;
			sourceTree = "<group>";
		};
		4535B3F91D3D411D00B45827 /* Times Tables */ = {
			isa = PBXGroup;
			children = (
				4535B3FA1D3D411D00B45827 /* AppDelegate.swift */,
				4535B3FC1D3D411D00B45827 /* ViewController.swift */,
				4535B3FE1D3D411D00B45827 /* Main.storyboard */,
				4535B4011D3D411D00B45827 /* Assets.xcassets */,
				4535B4031D3D411D00B45827 /* LaunchScreen.storyboard */,
				4535B4061D3D411D00B45827 /* Info.plist */,
			);
			path = "Times Tables";
			sourceTree = "<group>";
		};
		4535B40E1D3D411D00B45827 /* Times TablesTests */ = {
			isa = PBXGroup;
			children = (
				4535B40F1D3D411D00B45827 /* Times_TablesTests.swift */,
				4535B4111D3D411D00B45827 /* Info.plist */,
			);
			path = "Times TablesTests";
			sourceTree = "<group>";
		};
		4535B4191D3D411D00B45827 /* Times TablesUITests */ = {
			isa = PBXGroup;
			children = (
				4535B41A1D3D411D00B45827 /* Times_TablesUITests.swift */,
				4535B41C1D3D411D00B45827 /* Info.plist */,
			);
			path = "Times TablesUITests";
			sourceTree = "<group>";
		};
/* End PBXGroup section */

/* Begin PBXNativeTarget section */
		4535B3F61D3D411D00B45827 /* Times Tables */ = {
			isa = PBXNativeTarget;
			buildConfigurationList = 4535B41F1D3D411D00B45827 /* Build configuration list for PBXNativeTarget "Times Tables" */;
			buildPhases = (
				4535B3F31D3D411D00B45827 /* Sources */,
				4535B3F41D3D411D00B45827 /* Frameworks */,
				4535B3F51D3D411D00B45827 /* Resources */,
			);
			buildRules = (
			);
			dependencies = (
			);
			name = "Times Tables";
			productName = "Times Tables";
			productReference = 4535B3F71D3D411D00B45827 /* Times Tables.app */;
			productType = "com.apple.product-type.application";
		};
		4535B40A1D3D411D00B45827 /* Times TablesTests */ = {
			isa = PBXNativeTarget;
			buildConfigurationList = 4535B4221D3D411D00B45827 /* Build configuration list for PBXNativeTarget "Times TablesTests" */;
			buildPhases = (
				4535B4071D3D411D00B45827 /* Sources */,
				4535B4081D3D411D00B45827 /* Frameworks */,
				4535B4091D3D411D00B45827 /* Resources */,
			);
			buildRules = (
			);
			dependencies = (
				4535B40D1D3D411D00B45827 /* PBXTargetDependency */,
			);
			name = "Times TablesTests";
			productName = "Times TablesTests";
			productReference = 4535B40B1D3D411D00B45827 /* Times TablesTests.xctest */;
			productType = "com.apple.product-type.bundle.unit-test";
		};
		4535B4151D3D411D00B45827 /* Times TablesUITests */ = {
			isa = PBXNativeTarget;
			buildConfigurationList = 4535B4251D3D411D00B45827 /* Build configuration list for PBXNativeTarget "Times TablesUITests" */;
			buildPhases = (
				4535B4121D3D411D00B45827 /* Sources */,
				4535B4131D3D411D00B45827 /* Frameworks */,
				4535B4141D3D411D00B45827 /* Resources */,
			);
			buildRules = (
			);
			dependencies = (
				4535B4181D3D411D00B45827 /* PBXTargetDependency */,
			);
			name = "Times TablesUITests";
			productName = "Times TablesUITests";
			productReference = 4535B4161D3D411D00B45827 /* Times TablesUITests.xctest */;
			productType = "com.apple.product-type.bundle.ui-testing";
		};
/* End PBXNativeTarget section */

/* Begin PBXProject section */
		4535B3EF1D3D411D00B45827 /* Project object */ = {
			isa = PBXProject;
			attributes = {
				LastSwiftUpdateCheck = 0730;
				LastUpgradeCheck = 0730;
				ORGANIZATIONNAME = "Ruben Vasconcelos";
				TargetAttributes = {
					4535B3F61D3D411D00B45827 = {
						CreatedOnToolsVersion = 7.3.1;
					};
					4535B40A1D3D411D00B45827 = {
						CreatedOnToolsVersion = 7.3.1;
						TestTargetID = 4535B3F61D3D411D00B45827;
					};
					4535B4151D3D411D00B45827 = {
						CreatedOnToolsVersion = 7.3.1;
						TestTargetID = 4535B3F61D3D411D00B45827;
					};
				};
			};
			buildConfigurationList = 4535B3F21D3D411D00B45827 /* Build configuration list for PBXProject "Times Tables" */;
			compatibilityVersion = "Xcode 3.2";
			developmentRegion = English;
			hasScannedForEncodings = 0;
			knownRegions = (
				en,
				Base,
			);
			mainGroup = 4535B3EE1D3D411D00B45827;
			productRefGroup = 4535B3F81D3D411D00B45827 /* Products */;
			projectDirPath = "";
			projectRoot = "";
			targets = (
				4535B3F61D3D411D00B45827 /* Times Tables */,
				4535B40A1D3D411D00B45827 /* Times TablesTests */,
				4535B4151D3D411D00B45827 /* Times TablesUITests */,
			);
		};
/* End PBXProject section */

/* Begin PBXResourcesBuildPhase section */
		4535B3F51D3D411D00B45827 /* Resources */ = {
			isa = PBXResourcesBuildPhase;
			buildActionMask = 2147483647;
			files = (
				4535B4051D3D411D00B45827 /* LaunchScreen.storyboard in Resources */,
				4535B4021D3D411D00B45827 /* Assets.xcassets in Resources */,
				4535B4001D3D411D00B45827 /* Main.storyboard in Resources */,
			);
			runOnlyForDeploymentPostprocessing = 0;
		};
		4535B4091D3D411D00B45827 /* Resources */ = {
			isa = PBXResourcesBuildPhase;
			buildActionMask = 2147483647;
			files = (
			);
			runOnlyForDeploymentPostprocessing = 0;
		};
		4535B4141D3D411D00B45827 /* Resources */ = {
			isa = PBXResourcesBuildPhase;
			buildActionMask = 2147483647;
			files = (
			);
			runOnlyForDeploymentPostprocessing = 0;
		};
/* End PBXResourcesBuildPhase section */

/* Begin PBXSourcesBuildPhase section */
		4535B3F31D3D411D00B45827 /* Sources */ = {
			isa = PBXSourcesBuildPhase;
			buildActionMask = 2147483647;
			files = (
				4535B3FD1D3D411D00B45827 /* ViewController.swift in Sources */,
				4535B3FB1D3D411D00B45827 /* AppDelegate.swift in Sources */,
			);
			runOnlyForDeploymentPostprocessing = 0;
		};
		4535B4071D3D411D00B45827 /* Sources */ = {
			isa = PBXSourcesBuildPhase;
			buildActionMask = 2147483647;
			files = (
				4535B4101D3D411D00B45827 /* Times_TablesTests.swift in Sources */,
			);
			runOnlyForDeploymentPostprocessing = 0;
		};
		4535B4121D3D411D00B45827 /* Sources */ = {
			isa = PBXSourcesBuildPhase;
			buildActionMask = 2147483647;
			files = (
				4535B41B1D3D411D00B45827 /* Times_TablesUITests.swift in Sources */,
			);
			runOnlyForDeploymentPostprocessing = 0;
		};
/* End PBXSourcesBuildPhase section */

/* Begin PBXTargetDependency section */
		4535B40D1D3D411D00B45827 /* PBXTargetDependency */ = {
			isa = PBXTargetDependency;
			target = 4535B3F61D3D411D00B45827 /* Times Tables */;
			targetProxy = 4535B40C1D3D411D00B45827 /* PBXContainerItemProxy */;
		};
		4535B4181D3D411D00B45827 /* PBXTargetDependency */ = {
			isa = PBXTargetDependency;
			target = 4535B3F61D3D411D00B45827 /* Times Tables */;
			targetProxy = 4535B4171D3D411D00B45827 /* PBXContainerItemProxy */;
		};
/* End PBXTargetDependency section */

/* Begin PBXVariantGroup section */
		4535B3FE1D3D411D00B45827 /* Main.storyboard */ = {
			isa = PBXVariantGroup;
			children = (
				4535B3FF1D3D411D00B45827 /* Base */,
			);
			name = Main.storyboard;
			sourceTree = "<group>";
		};
		4535B4031D3D411D00B45827 /* LaunchScreen.storyboard */ = {
			isa = PBXVariantGroup;
			children = (
				4535B4041D3D411D00B45827 /* Base */,
			);
			name = LaunchScreen.storyboard;
			sourceTree = "<group>";
		};
/* End PBXVariantGroup section */

/* Begin XCBuildConfiguration section */
		4535B41D1D3D411D00B45827 /* Debug */ = {
			isa = XCBuildConfiguration;
			buildSettings = {
				ALWAYS_SEARCH_USER_PATHS = NO;
				CLANG_ANALYZER_NONNULL = YES;
				CLANG_CXX_LANGUAGE_STANDARD = "gnu++0x";
				CLANG_CXX_LIBRARY = "libc++";
				CLANG_ENABLE_MODULES = YES;
				CLANG_ENABLE_OBJC_ARC = YES;
				CLANG_WARN_BOOL_CONVERSION = YES;
				CLANG_WARN_CONSTANT_CONVERSION = YES;
				CLANG_WARN_DIRECT_OBJC_ISA_USAGE = YES_ERROR;
				CLANG_WARN_EMPTY_BODY = YES;
				CLANG_WARN_ENUM_CONVERSION = YES;
				CLANG_WARN_INT_CONVERSION = YES;
				CLANG_WARN_OBJC_ROOT_CLASS = YES_ERROR;
				CLANG_WARN_UNREACHABLE_CODE = YES;
				CLANG_WARN__DUPLICATE_METHOD_MATCH = YES;
				"CODE_SIGN_IDENTITY[sdk=iphoneos*]" = "iPhone Developer";
				COPY_PHASE_STRIP = NO;
				DEBUG_INFORMATION_FORMAT = dwarf;
				ENABLE_STRICT_OBJC_MSGSEND = YES;
				ENABLE_TESTABILITY = YES;
				GCC_C_LANGUAGE_STANDARD = gnu99;
				GCC_DYNAMIC_NO_PIC = NO;
				GCC_NO_COMMON_BLOCKS = YES;
				GCC_OPTIMIZATION_LEVEL = 0;
				GCC_PREPROCESSOR_DEFINITIONS = (
					"DEBUG=1",
					"$(inherited)",
				);
				GCC_WARN_64_TO_32_BIT_CONVERSION = YES;
				GCC_WARN_ABOUT_RETURN_TYPE = YES_ERROR;
				GCC_WARN_UNDECLARED_SELECTOR = YES;
				GCC_WARN_UNINITIALIZED_AUTOS = YES_AGGRESSIVE;
				GCC_WARN_UNUSED_FUNCTION = YES;
				GCC_WARN_UNUSED_VARIABLE = YES;
				IPHONEOS_DEPLOYMENT_TARGET = 9.3;
				MTL_ENABLE_DEBUG_INFO = YES;
				ONLY_ACTIVE_ARCH = YES;
				SDKROOT = iphoneos;
				SWIFT_OPTIMIZATION_LEVEL = "-Onone";
			};
			name = Debug;
		};
		4535B41E1D3D411D00B45827 /* Release */ = {
			isa = XCBuildConfiguration;
			buildSettings = {
				ALWAYS_SEARCH_USER_PATHS = NO;
				CLANG_ANALYZER_NONNULL = YES;
				CLANG_CXX_LANGUAGE_STANDARD = "gnu++0x";
				CLANG_CXX_LIBRARY = "libc++";
				CLANG_ENABLE_MODULES = YES;
				CLANG_ENABLE_OBJC_ARC = YES;
				CLANG_WARN_BOOL_CONVERSION = YES;
				CLANG_WARN_CONSTANT_CONVERSION = YES;
				CLANG_WARN_DIRECT_OBJC_ISA_USAGE = YES_ERROR;
				CLANG_WARN_EMPTY_BODY = YES;
				CLANG_WARN_ENUM_CONVERSION = YES;
				CLANG_WARN_INT_CONVERSION = YES;
				CLANG_WARN_OBJC_ROOT_CLASS = YES_ERROR;
				CLANG_WARN_UNREACHABLE_CODE = YES;
				CLANG_WARN__DUPLICATE_METHOD_MATCH = YES;
				"CODE_SIGN_IDENTITY[sdk=iphoneos*]" = "iPhone Developer";
				COPY_PHASE_STRIP = NO;
				DEBUG_INFORMATION_FORMAT = "dwarf-with-dsym";
				ENABLE_NS_ASSERTIONS = NO;
				ENABLE_STRICT_OBJC_MSGSEND = YES;
				GCC_C_LANGUAGE_STANDARD = gnu99;
				GCC_NO_COMMON_BLOCKS = YES;
				GCC_WARN_64_TO_32_BIT_CONVERSION = YES;
				GCC_WARN_ABOUT_RETURN_TYPE = YES_ERROR;
				GCC_WARN_UNDECLARED_SELECTOR = YES;
				GCC_WARN_UNINITIALIZED_AUTOS = YES_AGGRESSIVE;
				GCC_WARN_UNUSED_FUNCTION = YES;
				GCC_WARN_UNUSED_VARIABLE = YES;
				IPHONEOS_DEPLOYMENT_TARGET = 9.3;
				MTL_ENABLE_DEBUG_INFO = NO;
				SDKROOT = iphoneos;
				VALIDATE_PRODUCT = YES;
			};
			name = Release;
		};
		4535B4201D3D411D00B45827 /* Debug */ = {
			isa = XCBuildConfiguration;
			buildSettings = {
				ASSETCATALOG_COMPILER_APPICON_NAME = AppIcon;
				INFOPLIST_FILE = "Times Tables/Info.plist";
				LD_RUNPATH_SEARCH_PATHS = "$(inherited) @executable_path/Frameworks";
				PRODUCT_BUNDLE_IDENTIFIER = "com.ruben.Times-Tables";
				PRODUCT_NAME = "$(TARGET_NAME)";
			};
			name = Debug;
		};
		4535B4211D3D411D00B45827 /* Release */ = {
			isa = XCBuildConfiguration;
			buildSettings = {
				ASSETCATALOG_COMPILER_APPICON_NAME = AppIcon;
				INFOPLIST_FILE = "Times Tables/Info.plist";
				LD_RUNPATH_SEARCH_PATHS = "$(inherited) @executable_path/Frameworks";
				PRODUCT_BUNDLE_IDENTIFIER = "com.ruben.Times-Tables";
				PRODUCT_NAME = "$(TARGET_NAME)";
			};
			name = Release;
		};
		4535B4231D3D411D00B45827 /* Debug */ = {
			isa = XCBuildConfiguration;
			buildSettings = {
				BUNDLE_LOADER = "$(TEST_HOST)";
				INFOPLIST_FILE = "Times TablesTests/Info.plist";
				LD_RUNPATH_SEARCH_PATHS = "$(inherited) @executable_path/Frameworks @loader_path/Frameworks";
				PRODUCT_BUNDLE_IDENTIFIER = "com.ruben.Times-TablesTests";
				PRODUCT_NAME = "$(TARGET_NAME)";
				TEST_HOST = "$(BUILT_PRODUCTS_DIR)/Times Tables.app/Times Tables";
			};
			name = Debug;
		};
		4535B4241D3D411D00B45827 /* Release */ = {
			isa = XCBuildConfiguration;
			buildSettings = {
				BUNDLE_LOADER = "$(TEST_HOST)";
				INFOPLIST_FILE = "Times TablesTests/Info.plist";
				LD_RUNPATH_SEARCH_PATHS = "$(inherited) @executable_path/Frameworks @loader_path/Frameworks";
				PRODUCT_BUNDLE_IDENTIFIER = "com.ruben.Times-TablesTests";
				PRODUCT_NAME = "$(TARGET_NAME)";
				TEST_HOST = "$(BUILT_PRODUCTS_DIR)/Times Tables.app/Times Tables";
			};
			name = Release;
		};
		4535B4261D3D411D00B45827 /* Debug */ = {
			isa = XCBuildConfiguration;
			buildSettings = {
				INFOPLIST_FILE = "Times TablesUITests/Info.plist";
				LD_RUNPATH_SEARCH_PATHS = "$(inherited) @executable_path/Frameworks @loader_path/Frameworks";
				PRODUCT_BUNDLE_IDENTIFIER = "com.ruben.Times-TablesUITests";
				PRODUCT_NAME = "$(TARGET_NAME)";
				TEST_TARGET_NAME = "Times Tables";
			};
			name = Debug;
		};
		4535B4271D3D411D00B45827 /* Release */ = {
			isa = XCBuildConfiguration;
			buildSettings = {
				INFOPLIST_FILE = "Times TablesUITests/Info.plist";
				LD_RUNPATH_SEARCH_PATHS = "$(inherited) @executable_path/Frameworks @loader_path/Frameworks";
				PRODUCT_BUNDLE_IDENTIFIER = "com.ruben.Times-TablesUITests";
				PRODUCT_NAME = "$(TARGET_NAME)";
				TEST_TARGET_NAME = "Times Tables";
			};
			name = Release;
		};
/* End XCBuildConfiguration section */

/* Begin XCConfigurationList section */
		4535B3F21D3D411D00B45827 /* Build configuration list for PBXProject "Times Tables" */ = {
			isa = XCConfigurationList;
			buildConfigurations = (
				4535B41D1D3D411D00B45827 /* Debug */,
				4535B41E1D3D411D00B45827 /* Release */,
			);
			defaultConfigurationIsVisible = 0;
			defaultConfigurationName = Release;
		};
		4535B41F1D3D411D00B45827 /* Build configuration list for PBXNativeTarget "Times Tables" */ = {
			isa = XCConfigurationList;
			buildConfigurations = (
				4535B4201D3D411D00B45827 /* Debug */,
				4535B4211D3D411D00B45827 /* Release */,
			);
			defaultConfigurationIsVisible = 0;
		};
		4535B4221D3D411D00B45827 /* Build configuration list for PBXNativeTarget "Times TablesTests" */ = {
			isa = XCConfigurationList;
			buildConfigurations = (
				4535B4231D3D411D00B45827 /* Debug */,
				4535B4241D3D411D00B45827 /* Release */,
			);
			defaultConfigurationIsVisible = 0;
		};
		4535B4251D3D411D00B45827 /* Build configuration list for PBXNativeTarget "Times TablesUITests" */ = {
			isa = XCConfigurationList;
			buildConfigurations = (
				4535B4261D3D411D00B45827 /* Debug */,
				4535B4271D3D411D00B45827 /* Release */,
			);
			defaultConfigurationIsVisible = 0;
		};
/* End XCConfigurationList section */
	};
	rootObject = 4535B3EF1D3D411D00B45827 /* Project object */;
}
